
Microsoft Visual Studio Solution File, Format Version 12.00
# Visual Studio Version 16
VisualStudioVersion = 16.0.30611.23
MinimumVisualStudioVersion = 10.0.40219.1
Project("{FAE04EC0-301F-11D3-BF4B-00C04F79EFBC}") = "M08", "M08\M08.csproj", "{44CC1105-EB29-4F54-9749-FB27E9A44192}"
EndProject
Global
	GlobalSection(SolutionConfigurationPlatforms) = preSolution
		Debug|Any CPU = Debug|Any CPU
		Release|Any CPU = Release|Any CPU
	EndGlobalSection
	GlobalSection(ProjectConfigurationPlatforms) = postSolution
		{44CC1105-EB29-4F54-9749-FB27E9A44192}.Debug|Any CPU.ActiveCfg = Debug|Any CPU
		{44CC1105-EB29-4F54-9749-FB27E9A44192}.Debug|Any CPU.Build.0 = Debug|Any CPU
		{44CC1105-EB29-4F54-9749-FB27E9A44192}.Release|Any CPU.ActiveCfg = Release|Any CPU
		{44CC1105-EB29-4F54-9749-FB27E9A44192}.Release|Any CPU.Build.0 = Release|Any CPU
	EndGlobalSection
	GlobalSection(SolutionProperties) = preSolution
		HideSolutionNode = FALSE
	EndGlobalSection
	GlobalSection(ExtensibilityGlobals) = postSolution
		SolutionGuid = {C349D065-7136-44DE-95DD-401D5CDAB41C}
	EndGlobalSection
EndGlobal
